PODS:
  - Flutter (1.0.0)
  - oem_barcode_scanner (0.0.1):
    - Flutter

DEPENDENCIES:
  - Flutter (from `Flutter`)
  - oem_barcode_scanner (from `.symlinks/plugins/oem_barcode_scanner/ios`)

EXTERNAL SOURCES:
  Flutter:
    :path: Flutter
  oem_barcode_scanner:
    :path: ".symlinks/plugins/oem_barcode_scanner/ios"

SPEC CHECKSUMS:
  Flutter: 0e3d915762c693b495b44d77113d4970485de6ec
  oem_barcode_scanner: b1d0960ce3dc1991b07517075b35531659872ce2

PODFILE CHECKSUM: aafe91acc616949ddb318b77800a7f51bffa2a4c

COCOAPODS: 1.10.0.beta.2
